# THIS IS AN AUTOGENERATED FILE. DO NOT EDIT THIS FILE DIRECTLY.
# yarn lockfile v1


"@napi-rs/triples@^1.0.3":
  version "1.1.0"
  resolved "https://registry.yarnpkg.com/@napi-rs/triples/-/triples-1.1.0.tgz#88c35b72e79a20b79bb4c9b3e2817241a1c9f4f9"
  integrity sha512-XQr74QaLeMiqhStEhLn1im9EOMnkypp7MZOwQhGzqp2Weu5eQJbpPxWxixxlYRKWPOmJjsk6qYfYH9kq43yc2w==

"@node-rs/helper@^1.0.0":
  version "1.2.1"
  resolved "https://registry.yarnpkg.com/@node-rs/helper/-/helper-1.2.1.tgz#e079b05f21ff4329d82c4e1f71c0290e4ecdc70c"
  integrity sha512-R5wEmm8nbuQU0YGGmYVjEc0OHtYsuXdpRG+Ut/3wZ9XAvQWyThN08bTh2cBJgoZxHQUPtvRfeQuxcAgLuiBISg==
  dependencies:
    "@napi-rs/triples" "^1.0.3"

"@swc-node/core@^1.8.2":
  version "1.8.2"
  resolved "https://registry.yarnpkg.com/@swc-node/core/-/core-1.8.2.tgz#950ad394a8e8385658e6a951ec554bbf61a1693e"
  integrity sha512-IoJ7tGHQ6JOMSmFe4VhP64uLmFKMNasS0QEgUrLFQ0h/dTvpQMynnoGBEJoPL6LfsebZ/q4uKqbpWrth6/yrAA==
  dependencies:
    "@swc/core" "^1.2.119"

"@swc-node/register@1.4.2":
  version "1.4.2"
  resolved "https://registry.yarnpkg.com/@swc-node/register/-/register-1.4.2.tgz#98801cc5ad8792519511bd6ae31c01f40aa487a3"
  integrity sha512-wLZz0J7BTO//1Eq7e4eBQjKF380Hr2eVemz849msQSKcVM1D7UJUt/dP2TinEVGx++/BXJ/0q37i6n9Iw0EM0w==
  dependencies:
    "@swc-node/core" "^1.8.2"
    "@swc-node/sourcemap-support" "^0.1.11"
    chalk "4"
    debug "^4.3.3"
    pirates "^4.0.4"
    tslib "^2.3.1"
    typescript "^4.5.3"

"@swc-node/sourcemap-support@^0.1.11":
  version "0.1.11"
  resolved "https://registry.yarnpkg.com/@swc-node/sourcemap-support/-/sourcemap-support-0.1.11.tgz#50cda396baade0636e8f53596b7a66386490c06d"
  integrity sha512-b+Mn3oQl+7nUSt7hPzIbY9B30YhcFo1PT4kd9P4QmD6raycmIealOAhAdZID/JevphzsOXHQB4OqJm7Yi5tMcA==
  dependencies:
    source-map-support "^0.5.21"

"@swc/core-android-arm64@^1.2.120":
  version "1.2.120"
  resolved "https://registry.yarnpkg.com/@swc/core-android-arm64/-/core-android-arm64-1.2.120.tgz#1cc98f0136ce7b6f932f7c4cf469f2fa44497384"
  integrity sha512-WrXVXDAVpjPKhySuyC6mei4sW+gjv0m58kNOQ3D7hVfWGSKc3PtnQLHMwKEJKPJ4DKXEhe1twdUY60yzRcyMLg==

"@swc/core-darwin-arm64@^1.2.120":
  version "1.2.120"
  resolved "https://registry.yarnpkg.com/@swc/core-darwin-arm64/-/core-darwin-arm64-1.2.120.tgz#bd32cd8fc68241b33a2a8be68737866c2614d02e"
  integrity sha512-OqR+j4NmkwszLsqLGt4FMc4aXlLPxqtXGe7QdnJDM6i7btTi2MjqkF2CuEnwE+UX6DHw8M/z1uJliHU5kllvgw==

"@swc/core-darwin-x64@^1.2.120":
  version "1.2.120"
  resolved "https://registry.yarnpkg.com/@swc/core-darwin-x64/-/core-darwin-x64-1.2.120.tgz#0f302694d20ed746577ecfb6259d983655965acd"
  integrity sha512-lX639zOJ0agdpdCrPiQk1bmEh3oAcbrEhNEgJROxU0mVhO6xkzPCdmy27LDSOzJS9GLrP/4cMewcaYRmv9VAbA==

"@swc/core-freebsd-x64@^1.2.120":
  version "1.2.120"
  resolved "https://registry.yarnpkg.com/@swc/core-freebsd-x64/-/core-freebsd-x64-1.2.120.tgz#5968df7b64d9a3610e0d1ed210331dc0fb332877"
  integrity sha512-93VXbYmXYKuAwqKUTzNEYbnQbGF4fkDt+drfjk6+/EpCTrpw2mhZeKp1TxgKlQa4KLmXNg1A8XYrXOhG80tGbA==

"@swc/core-linux-arm-gnueabihf@^1.2.120":
  version "1.2.120"
  resolved "https://registry.yarnpkg.com/@swc/core-linux-arm-gnueabihf/-/core-linux-arm-gnueabihf-1.2.120.tgz#4d2e6724b8540be90a0b812a6ce352fbc02f6a3f"
  integrity sha512-WXpjEtvj+VE7bnhyhGcs7X/d5wPHVhdyv4IsF64ycWSWaZo1LmKlXtWFH1SWczSDffisd3HCwGDhqGVZb9cZaA==

"@swc/core-linux-arm64-gnu@^1.2.120":
  version "1.2.120"
  resolved "https://registry.yarnpkg.com/@swc/core-linux-arm64-gnu/-/core-linux-arm64-gnu-1.2.120.tgz#f60d0d3ae36e255fc2df278631334918c779ee15"
  integrity sha512-iugMs6AuFxs9H0TnWy+kejF3UGvHF7TSropGeCOj6VooUkx4PQd4xVnn/DF8NNJy8ReI38FsHVj7brS1AsRNyg==

"@swc/core-linux-arm64-musl@^1.2.120":
  version "1.2.120"
  resolved "https://registry.yarnpkg.com/@swc/core-linux-arm64-musl/-/core-linux-arm64-musl-1.2.120.tgz#8597bfa37ab317e2f610339b651ed4b19c36822d"
  integrity sha512-HdD++mlst1C4APVPIxeCr3lKEaGPXJSsKHvrJ+NDp+E5SIEvcHJfekUgC62xG+y0WI6Ix36Sun83MnEEPwFN1A==

"@swc/core-linux-x64-gnu@^1.2.120":
  version "1.2.120"
  resolved "https://registry.yarnpkg.com/@swc/core-linux-x64-gnu/-/core-linux-x64-gnu-1.2.120.tgz#328224dbee46181e24e13056b3d4151e782b1abd"
  integrity sha512-VYU2esPrdyfZTwwSUmHBIcmasa16+dyZMA1CZyW8m/4gppH3QvPreofVL+mu8+CG52ZRGs3g69runRN140ipSQ==

"@swc/core-linux-x64-musl@^1.2.120":
  version "1.2.120"
  resolved "https://registry.yarnpkg.com/@swc/core-linux-x64-musl/-/core-linux-x64-musl-1.2.120.tgz#c94b123ea74efdd35caceebfb52a52ab22d2c19f"
  integrity sha512-hfBgSoAP4PGkHUqFDMi+iIvjyO4/GZg64ba+rECWW5ygAQ0cb+5QH+pWoOnixu0QDj2nbmziX/5v4OK4uRDpDw==

"@swc/core-win32-arm64-msvc@^1.2.120":
  version "1.2.120"
  resolved "https://registry.yarnpkg.com/@swc/core-win32-arm64-msvc/-/core-win32-arm64-msvc-1.2.120.tgz#ddf2446c57a1084f22d19bfeab30087f161f0aea"
  integrity sha512-tYv0pGdDXBlyldqO5ywghzklQ/BVce/qZlXAwpEJrcLUWNRvLlv8czPCw/rhPPK7M67CuAmskAix7RRRQAoY2g==

"@swc/core-win32-ia32-msvc@^1.2.120":
  version "1.2.120"
  resolved "https://registry.yarnpkg.com/@swc/core-win32-ia32-msvc/-/core-win32-ia32-msvc-1.2.120.tgz#f6f25a27513288f14fc75f1f03d714cc3fc9eace"
  integrity sha512-zz9xhjp/fJEOFhG2pPhj2yEm5PE2XLUwGrVoi7+oHT6VHNaJAVmExRyKKYpzJIQt53k483jD8YvuAjWUvriy0A==

"@swc/core-win32-x64-msvc@^1.2.120":
  version "1.2.120"
  resolved "https://registry.yarnpkg.com/@swc/core-win32-x64-msvc/-/core-win32-x64-msvc-1.2.120.tgz#593f44a45213d8161b94eeeb1c23ade0c352731b"
  integrity sha512-GfuWWhxjoAoQGJrkaZgrrv/XQucg7M00dpIOsS0FT2eA4p5nrQ+aoaCS3hejWzgL9cNhKrpYRB6+lunK52yeNg==

"@swc/core@^1.2.119":
  version "1.2.120"
  resolved "https://registry.yarnpkg.com/@swc/core/-/core-1.2.120.tgz#69719e265e6702da654ba6d0b53f71cdf8edb8d8"
  integrity sha512-9bSN4ZdDQsAiKEdNT0lv/8o0/70xkGFieq/I4cKdA9dQibAtfagzRyLPkCm54XKqd9NwvI9neAfYydbesyY/nw==
  dependencies:
    "@node-rs/helper" "^1.0.0"
  optionalDependencies:
    "@swc/core-android-arm64" "^1.2.120"
    "@swc/core-darwin-arm64" "^1.2.120"
    "@swc/core-darwin-x64" "^1.2.120"
    "@swc/core-freebsd-x64" "^1.2.120"
    "@swc/core-linux-arm-gnueabihf" "^1.2.120"
    "@swc/core-linux-arm64-gnu" "^1.2.120"
    "@swc/core-linux-arm64-musl" "^1.2.120"
    "@swc/core-linux-x64-gnu" "^1.2.120"
    "@swc/core-linux-x64-musl" "^1.2.120"
    "@swc/core-win32-arm64-msvc" "^1.2.120"
    "@swc/core-win32-ia32-msvc" "^1.2.120"
    "@swc/core-win32-x64-msvc" "^1.2.120"

ansi-styles@^4.1.0:
  version "4.3.0"
  resolved "https://registry.yarnpkg.com/ansi-styles/-/ansi-styles-4.3.0.tgz#edd803628ae71c04c85ae7a0906edad34b648937"
  integrity sha512-zbB9rCJAT1rbjiVDb2hqKFHNYLxgtk8NURxZ3IZwD3F6NtxbXZQCnnSi1Lkx+IDohdPlFp222wVALIheZJQSEg==
  dependencies:
    color-convert "^2.0.1"

buffer-from@^1.0.0:
  version "1.1.2"
  resolved "https://registry.yarnpkg.com/buffer-from/-/buffer-from-1.1.2.tgz#2b146a6fd72e80b4f55d255f35ed59a3a9a41bd5"
  integrity sha512-E+XQCRwSbaaiChtv6k6Dwgc+bx+Bs6vuKJHHl5kox/BaKbhiXzqQOwK4cO22yElGp2OCmjwVhT3HmxgyPGnJfQ==

chalk@4:
  version "4.1.2"
  resolved "https://registry.yarnpkg.com/chalk/-/chalk-4.1.2.tgz#aac4e2b7734a740867aeb16bf02aad556a1e7a01"
  integrity sha512-oKnbhFyRIXpUuez8iBMmyEa4nbj4IOQyuhc/wy9kY7/WVPcwIO9VA668Pu8RkO7+0G76SLROeyw9CpQ061i4mA==
  dependencies:
    ansi-styles "^4.1.0"
    supports-color "^7.1.0"

color-convert@^2.0.1:
  version "2.0.1"
  resolved "https://registry.yarnpkg.com/color-convert/-/color-convert-2.0.1.tgz#72d3a68d598c9bdb3af2ad1e84f21d896abd4de3"
  integrity sha512-RRECPsj7iu/xb5oKYcsFHSppFNnsj/52OVTRKb4zP5onXwVF3zVmmToNcOfGC+CRDpfK/U584fMg38ZHCaElKQ==
  dependencies:
    color-name "~1.1.4"

color-name@~1.1.4:
  version "1.1.4"
  resolved "https://registry.yarnpkg.com/color-name/-/color-name-1.1.4.tgz#c2a09a87acbde69543de6f63fa3995c826c536a2"
  integrity sha512-dOy+3AuW3a2wNbZHIuMZpTcgjGuLU/uBL/ubcZF9OXbDo8ff4O8yVp5Bf0efS8uEoYo5q4Fx7dY9OgQGXgAsQA==

debug@^4.3.3:
  version "4.3.3"
  resolved "https://registry.yarnpkg.com/debug/-/debug-4.3.3.tgz#04266e0b70a98d4462e6e288e38259213332b664"
  integrity sha512-/zxw5+vh1Tfv+4Qn7a5nsbcJKPaSvCDhojn6FEl9vupwK2VCSDtEiEtqr8DFtzYFOdz63LBkxec7DYuc2jon6Q==
  dependencies:
    ms "2.1.2"

find-up@^6.2.0:
  version "6.2.0"
  resolved "https://registry.yarnpkg.com/find-up/-/find-up-6.2.0.tgz#f3b81d633fa83bebe64f83a8bab357f86d5914be"
  integrity sha512-yWHzMzXCaFoABSnFTCPKNFlYoq4mSga9QLRRKOCLSJ33hSkzROB14ITbAWW0QDQDyuzsPQ33S1DsOWQb/oW1yA==
  dependencies:
    locate-path "^7.0.0"
    path-exists "^5.0.0"

has-flag@^4.0.0:
  version "4.0.0"
  resolved "https://registry.yarnpkg.com/has-flag/-/has-flag-4.0.0.tgz#944771fd9c81c81265c4d6941860da06bb59479b"
  integrity sha512-EykJT/Q1KjTWctppgIAgfSO0tKVuZUjhgMr17kqTumMl6Afv3EISleU7qZUzoXDFTAHTDC4NOoG/ZxU3EvlMPQ==

locate-path@^7.0.0:
  version "7.0.0"
  resolved "https://registry.yarnpkg.com/locate-path/-/locate-path-7.0.0.tgz#f0a60c8dd7ef0f737699eb9461b9567a92bc97da"
  integrity sha512-+cg2yXqDUKfo4hsFxwa3G1cBJeA+gs1vD8FyV9/odWoUlQe/4syxHQ5DPtKjtfm6gnKbZzjCqzX03kXosvZB1w==
  dependencies:
    p-locate "^6.0.0"

ms@2.1.2:
  version "2.1.2"
  resolved "https://registry.yarnpkg.com/ms/-/ms-2.1.2.tgz#d09d1f357b443f493382a8eb3ccd183872ae6009"
  integrity sha512-sGkPx+VjMtmA6MX27oA4FBFELFCZZ4S4XqeGOXCv68tT+jb3vk/RyaKWP0PTKyWtmLSM0b+adUTEvbs1PEaH2w==

p-limit@^4.0.0:
  version "4.0.0"
  resolved "https://registry.yarnpkg.com/p-limit/-/p-limit-4.0.0.tgz#914af6544ed32bfa54670b061cafcbd04984b644"
  integrity sha512-5b0R4txpzjPWVw/cXXUResoD4hb6U/x9BH08L7nw+GN1sezDzPdxeRvpc9c433fZhBan/wusjbCsqwqm4EIBIQ==
  dependencies:
    yocto-queue "^1.0.0"

p-locate@^6.0.0:
  version "6.0.0"
  resolved "https://registry.yarnpkg.com/p-locate/-/p-locate-6.0.0.tgz#3da9a49d4934b901089dca3302fa65dc5a05c04f"
  integrity sha512-wPrq66Llhl7/4AGC6I+cqxT07LhXvWL08LNXz1fENOw0Ap4sRZZ/gZpTTJ5jpurzzzfS2W/Ge9BY3LgLjCShcw==
  dependencies:
    p-limit "^4.0.0"

path-exists@^5.0.0:
  version "5.0.0"
  resolved "https://registry.yarnpkg.com/path-exists/-/path-exists-5.0.0.tgz#a6aad9489200b21fab31e49cf09277e5116fb9e7"
  integrity sha512-RjhtfwJOxzcFmNOi6ltcbcu4Iu+FL3zEj83dk4kAS+fVpTxXLO1b38RvJgT/0QwvV/L3aY9TAnyv0EOqW4GoMQ==

pirates@^4.0.4:
  version "4.0.4"
  resolved "https://registry.yarnpkg.com/pirates/-/pirates-4.0.4.tgz#07df81e61028e402735cdd49db701e4885b4e6e6"
  integrity sha512-ZIrVPH+A52Dw84R0L3/VS9Op04PuQ2SEoJL6bkshmiTic/HldyW9Tf7oH5mhJZBK7NmDx27vSMrYEXPXclpDKw==

pkg-up@4.0.0:
  version "4.0.0"
  resolved "https://registry.yarnpkg.com/pkg-up/-/pkg-up-4.0.0.tgz#b2ca5e845979e31497d81520b621f4cdac2dcd75"
  integrity sha512-N4zdA4sfOe6yCv+ulPCmpnIBQ5I60xfhDr1otdBBhKte9QtEf3bhfrfkW7dTb+IQ0iEx4ZDzas0kc1o5rdWpYg==
  dependencies:
    find-up "^6.2.0"

source-map-support@^0.5.21:
  version "0.5.21"
  resolved "https://registry.yarnpkg.com/source-map-support/-/source-map-support-0.5.21.tgz#04fe7c7f9e1ed2d662233c28cb2b35b9f63f6e4f"
  integrity sha512-uBHU3L3czsIyYXKX88fdrGovxdSCoTGDRZ6SYXtSRxLZUzHg5P/66Ht6uoUlHu9EZod+inXhKo3qQgwXUT/y1w==
  dependencies:
    buffer-from "^1.0.0"
    source-map "^0.6.0"

source-map@^0.6.0:
  version "0.6.1"
  resolved "https://registry.yarnpkg.com/source-map/-/source-map-0.6.1.tgz#74722af32e9614e9c287a8d0bbde48b5e2f1a263"
  integrity sha512-UjgapumWlbMhkBgzT7Ykc5YXUT46F0iKu8SGXq0bcwP5dz/h0Plj6enJqjz1Zbq2l5WaqYnrVbwWOWMyF3F47g==

supports-color@^7.1.0:
  version "7.2.0"
  resolved "https://registry.yarnpkg.com/supports-color/-/supports-color-7.2.0.tgz#1b7dcdcb32b8138801b3e478ba6a51caa89648da"
  integrity sha512-qpCAvRl9stuOHveKsn7HncJRvv501qIacKzQlO/+Lwxc9+0q2wLyv4Dfvt80/DPn2pqOBsJdDiogXGR9+OvwRw==
  dependencies:
    has-flag "^4.0.0"

tslib@^2.3.1:
  version "2.3.1"
  resolved "https://registry.yarnpkg.com/tslib/-/tslib-2.3.1.tgz#e8a335add5ceae51aa261d32a490158ef042ef01"
  integrity sha512-77EbyPPpMz+FRFRuAFlWMtmgUWGe9UOG2Z25NqCwiIjRhOf5iKGuzSe5P2w1laq+FkRy4p+PCuVkJSGkzTEKVw==

typescript@^4.5.3:
  version "4.5.4"
  resolved "https://registry.yarnpkg.com/typescript/-/typescript-4.5.4.tgz#a17d3a0263bf5c8723b9c52f43c5084edf13c2e8"
  integrity sha512-VgYs2A2QIRuGphtzFV7aQJduJ2gyfTljngLzjpfW9FoYZF6xuw1W0vW9ghCKLfcWrCFxK81CSGRAvS1pn4fIUg==

yocto-queue@^1.0.0:
  version "1.0.0"
  resolved "https://registry.yarnpkg.com/yocto-queue/-/yocto-queue-1.0.0.tgz#7f816433fb2cbc511ec8bf7d263c3b58a1a3c251"
  integrity sha512-9bnSc/HEW2uRy67wc+T8UwauLuPJVn28jb+GtJY16iiKWyvmYJRXVT4UamsAEGQfPohgr2q4Tq0sQbQlxTfi1g==
